{
  "name": "pomelo-client-node-ws",
  "version": "1.0.5",
  "lockfileVersion": 1,
  "requires": true,
  "dependencies": {
    "@yangfch3/pomelo-protocol": {
      "version": "0.0.1",
      "resolved": "https://registry.npmjs.org/@yangfch3/pomelo-protocol/-/pomelo-protocol-0.0.1.tgz",
      "integrity": "sha512-PQKMeE9kwXgFmNWrWcEpOuVbrp9BXWgdF5t6lO++BnfJTxjmcRwFk937d1GCwtKKKbV43fulW5yDhxx5CfLNIQ=="
    },
    "async-limiter": {
      "version": "1.0.0",
      "resolved": "https://registry.npmjs.org/async-limiter/-/async-limiter-1.0.0.tgz",
      "integrity": "sha512-jp/uFnooOiO+L211eZOoSyzpOITMXx1rBITauYykG3BRYPu8h0UcxsPNB04RR5vo4Tyz3+ay17tR6JVf9qzYWg=="
    },
    "pomelo-decodeio-protobuf": {
      "version": "0.0.1",
      "resolved": "https://registry.npmjs.org/pomelo-decodeio-protobuf/-/pomelo-decodeio-protobuf-0.0.1.tgz",
      "integrity": "sha1-NwXxULVapU49tdb89KO1WP8N8wY="
    },
    "pomelo-protobuf": {
      "version": "0.4.0",
      "resolved": "https://registry.npmjs.org/pomelo-protobuf/-/pomelo-protobuf-0.4.0.tgz",
      "integrity": "sha1-5F6aCkRusYZn4MbhPutT1Hrdvag="
    },
    "store": {
      "version": "2.0.12",
      "resolved": "https://registry.npmjs.org/store/-/store-2.0.12.tgz",
      "integrity": "sha1-jFNOKguDH3K3X8XxEZhXxE711ZM="
    },
    "ws": {
      "version": "5.2.2",
      "resolved": "https://registry.npmjs.org/ws/-/ws-5.2.2.tgz",
      "integrity": "sha512-jaHFD6PFv6UgoIVda6qZllptQsMlDEJkTQcybzzXDYM1XO9Y8em691FGMPmM46WGyLU4z9KMgQN+qrux/nhlHA==",
      "requires": {
        "async-limiter": "1.0.0"
      }
    }
  }
}
